
Microsoft Visual Studio Solution File, Format Version 12.00
# Visual Studio Version 17
VisualStudioVersion = 17.9.34723.18
MinimumVisualStudioVersion = 10.0.40219.1
Project("{9A19103F-16F7-4668-BE54-9A1E7A4F7556}") = "AspDotNetCoreProject.API", "AspDotNetCoreProject.API.csproj", "{B3449867-19CA-412F-BA95-8FDD078E42CD}"
EndProject
Project("{FAE04EC0-301F-11D3-BF4B-00C04F79EFBC}") = "AspDotNetCoreProject.Context", "..\AspDotNetCoreProject.Context\AspDotNetCoreProject.Context.csproj", "{9B5C52CF-665B-45A1-BB92-C0CBDC9E67D5}"
EndProject
Project("{FAE04EC0-301F-11D3-BF4B-00C04F79EFBC}") = "AspDotNetCoreProject.Application", "..\AspDotNetCoreProject.Application\AspDotNetCoreProject.Application.csproj", "{DE973AD8-ECD6-4AD0-B1B7-69D598DAA261}"
EndProject
Project("{FAE04EC0-301F-11D3-BF4B-00C04F79EFBC}") = "AspDotNetCoreProject.Data", "..\AspDotNetCoreProject.Data\AspDotNetCoreProject.Data.csproj", "{1EA02FC6-6EC5-43A8-BD7B-2F9A9F2358C9}"
EndProject
Project("{FAE04EC0-301F-11D3-BF4B-00C04F79EFBC}") = "AspDotNetCoreProject.Model", "..\AspDotNetCoreProject.Model\AspDotNetCoreProject.Model.csproj", "{292D1A5A-A088-4763-BF5E-18E00E9EF20F}"
EndProject
Global
	GlobalSection(SolutionConfigurationPlatforms) = preSolution
		Debug|Any CPU = Debug|Any CPU
		Release|Any CPU = Release|Any CPU
	EndGlobalSection
	GlobalSection(ProjectConfigurationPlatforms) = postSolution
		{B3449867-19CA-412F-BA95-8FDD078E42CD}.Debug|Any CPU.ActiveCfg = Debug|Any CPU
		{B3449867-19CA-412F-BA95-8FDD078E42CD}.Debug|Any CPU.Build.0 = Debug|Any CPU
		{B3449867-19CA-412F-BA95-8FDD078E42CD}.Release|Any CPU.ActiveCfg = Release|Any CPU
		{B3449867-19CA-412F-BA95-8FDD078E42CD}.Release|Any CPU.Build.0 = Release|Any CPU
		{9B5C52CF-665B-45A1-BB92-C0CBDC9E67D5}.Debug|Any CPU.ActiveCfg = Debug|Any CPU
		{9B5C52CF-665B-45A1-BB92-C0CBDC9E67D5}.Debug|Any CPU.Build.0 = Debug|Any CPU
		{9B5C52CF-665B-45A1-BB92-C0CBDC9E67D5}.Release|Any CPU.ActiveCfg = Release|Any CPU
		{9B5C52CF-665B-45A1-BB92-C0CBDC9E67D5}.Release|Any CPU.Build.0 = Release|Any CPU
		{DE973AD8-ECD6-4AD0-B1B7-69D598DAA261}.Debug|Any CPU.ActiveCfg = Debug|Any CPU
		{DE973AD8-ECD6-4AD0-B1B7-69D598DAA261}.Debug|Any CPU.Build.0 = Debug|Any CPU
		{DE973AD8-ECD6-4AD0-B1B7-69D598DAA261}.Release|Any CPU.ActiveCfg = Release|Any CPU
		{DE973AD8-ECD6-4AD0-B1B7-69D598DAA261}.Release|Any CPU.Build.0 = Release|Any CPU
		{1EA02FC6-6EC5-43A8-BD7B-2F9A9F2358C9}.Debug|Any CPU.ActiveCfg = Debug|Any CPU
		{1EA02FC6-6EC5-43A8-BD7B-2F9A9F2358C9}.Debug|Any CPU.Build.0 = Debug|Any CPU
		{1EA02FC6-6EC5-43A8-BD7B-2F9A9F2358C9}.Release|Any CPU.ActiveCfg = Release|Any CPU
		{1EA02FC6-6EC5-43A8-BD7B-2F9A9F2358C9}.Release|Any CPU.Build.0 = Release|Any CPU
		{292D1A5A-A088-4763-BF5E-18E00E9EF20F}.Debug|Any CPU.ActiveCfg = Debug|Any CPU
		{292D1A5A-A088-4763-BF5E-18E00E9EF20F}.Debug|Any CPU.Build.0 = Debug|Any CPU
		{292D1A5A-A088-4763-BF5E-18E00E9EF20F}.Release|Any CPU.ActiveCfg = Release|Any CPU
		{292D1A5A-A088-4763-BF5E-18E00E9EF20F}.Release|Any CPU.Build.0 = Release|Any CPU
	EndGlobalSection
	GlobalSection(SolutionProperties) = preSolution
		HideSolutionNode = FALSE
	EndGlobalSection
	GlobalSection(ExtensibilityGlobals) = postSolution
		SolutionGuid = {99D9A685-13F5-4269-93F8-64B4A505225D}
	EndGlobalSection
EndGlobal
